// !$*UTF8*$!
{
	archiveVersion = 1;
	classes = {
	};
	objectVersion = 48;
	objects = {

/* Begin PBXBuildFile section */
		7B91DF9D2EA01779352C71AA /* Pods_aPolloTests.framework in Frameworks */ = {isa = PBXBuildFile; fileRef = 3B23F66AE9D87662229DB411 /* Pods_aPolloTests.framework */; };
		959BF28766387EB6FDC547CA /* Pods_aPolloUITests.framework in Frameworks */ = {isa = PBXBuildFile; fileRef = B6950D266C66E1C901CE51CE /* Pods_aPolloUITests.framework */; };
		B604836A1FC46EE700EF8931 /* AppDelegate.swift in Sources */ = {isa = PBXBuildFile; fileRef = B60483691FC46EE700EF8931 /* AppDelegate.swift */; };
		B604836C1FC46EE700EF8931 /* ViewController.swift in Sources */ = {isa = PBXBuildFile; fileRef = B604836B1FC46EE700EF8931 /* ViewController.swift */; };
		B604836F1FC46EE700EF8931 /* Main.storyboard in Resources */ = {isa = PBXBuildFile; fileRef = B604836D1FC46EE700EF8931 /* Main.storyboard */; };
		B60483721FC46EE700EF8931 /* aPollo.xcdatamodeld in Sources */ = {isa = PBXBuildFile; fileRef = B60483701FC46EE700EF8931 /* aPollo.xcdatamodeld */; };
		B60483741FC46EE700EF8931 /* Assets.xcassets in Resources */ = {isa = PBXBuildFile; fileRef = B60483731FC46EE700EF8931 /* Assets.xcassets */; };
		B60483771FC46EE700EF8931 /* LaunchScreen.storyboard in Resources */ = {isa = PBXBuildFile; fileRef = B60483751FC46EE700EF8931 /* LaunchScreen.storyboard */; };
		B60483821FC46EE700EF8931 /* aPolloTests.swift in Sources */ = {isa = PBXBuildFile; fileRef = B60483811FC46EE700EF8931 /* aPolloTests.swift */; };
		B604838D1FC46EE700EF8931 /* aPolloUITests.swift in Sources */ = {isa = PBXBuildFile; fileRef = B604838C1FC46EE700EF8931 /* aPolloUITests.swift */; };
		B614BC2C206181F6005D591B /* FIRMessagingService.swift in Sources */ = {isa = PBXBuildFile; fileRef = B614BC2A206181F6005D591B /* FIRMessagingService.swift */; };
		B614BC2D206181F6005D591B /* UNService.swift in Sources */ = {isa = PBXBuildFile; fileRef = B614BC2B206181F6005D591B /* UNService.swift */; };
		B614BC2F20618502005D591B /* GoogleService-Info.plist in Resources */ = {isa = PBXBuildFile; fileRef = B614BC2E20618502005D591B /* GoogleService-Info.plist */; };
		B61D2F74203B258A0036A152 /* StudentStruct.swift in Sources */ = {isa = PBXBuildFile; fileRef = B61D2F73203B258A0036A152 /* StudentStruct.swift */; };
		B6569D7B204DA3CC002C6493 /* ClassStruct.swift in Sources */ = {isa = PBXBuildFile; fileRef = B6569D7A204DA3CC002C6493 /* ClassStruct.swift */; };
		B6569D7D204DA506002C6493 /* ProfessorStruct.swift in Sources */ = {isa = PBXBuildFile; fileRef = B6569D7C204DA506002C6493 /* ProfessorStruct.swift */; };
		B6569D7F204DB6EE002C6493 /* StudentQuestionStruct.swift in Sources */ = {isa = PBXBuildFile; fileRef = B6569D7E204DB6EE002C6493 /* StudentQuestionStruct.swift */; };
		B6569D81204DB93B002C6493 /* CourseEvaluationStruct.swift in Sources */ = {isa = PBXBuildFile; fileRef = B6569D80204DB93B002C6493 /* CourseEvaluationStruct.swift */; };
		B6569D83204DBC23002C6493 /* EvaluationQuestionStruct.swift in Sources */ = {isa = PBXBuildFile; fileRef = B6569D82204DBC23002C6493 /* EvaluationQuestionStruct.swift */; };
		B6569D85204DBFB7002C6493 /* PollStruct.swift in Sources */ = {isa = PBXBuildFile; fileRef = B6569D84204DBFB7002C6493 /* PollStruct.swift */; };
		B6569D87204DC872002C6493 /* PollQuestionStruct.swift in Sources */ = {isa = PBXBuildFile; fileRef = B6569D86204DC872002C6493 /* PollQuestionStruct.swift */; };
		B6569D89204DC9F4002C6493 /* PollAnswerStruct.swift in Sources */ = {isa = PBXBuildFile; fileRef = B6569D88204DC9F4002C6493 /* PollAnswerStruct.swift */; };
		B668B5AE1FD6ED4C000D11AF /* AttendanceViewController.swift in Sources */ = {isa = PBXBuildFile; fileRef = B668B5AD1FD6ED4C000D11AF /* AttendanceViewController.swift */; };
		B68E9C2A2031EF6600470B5A /* MSAL.framework in Frameworks */ = {isa = PBXBuildFile; fileRef = B694C2FA2028B5CD002A5E03 /* MSAL.framework */; };
		B6CADB22206BF28F0027D4C0 /* WelcomeViewController.swift in Sources */ = {isa = PBXBuildFile; fileRef = B6CADB21206BF28F0027D4C0 /* WelcomeViewController.swift */; };
		B6CADB24206BF2B30027D4C0 /* MenuTableViewController.swift in Sources */ = {isa = PBXBuildFile; fileRef = B6CADB23206BF2B30027D4C0 /* MenuTableViewController.swift */; };
		B6CADB28206BF9B30027D4C0 /* SWRevealViewController.m in Sources */ = {isa = PBXBuildFile; fileRef = B6CADB27206BF9B20027D4C0 /* SWRevealViewController.m */; };
		B6CADB2A206C1EC70027D4C0 /* ClassesTableViewCell.swift in Sources */ = {isa = PBXBuildFile; fileRef = B6CADB29206C1EC70027D4C0 /* ClassesTableViewCell.swift */; };
		EE66E01FCECCFFF62C3AA5B6 /* Pods_aPollo.framework in Frameworks */ = {isa = PBXBuildFile; fileRef = 79E13AEB1E8D787FF49DEDF9 /* Pods_aPollo.framework */; };
/* End PBXBuildFile section */

/* Begin PBXContainerItemProxy section */
		B604837E1FC46EE700EF8931 /* PBXContainerItemProxy */ = {
			isa = PBXContainerItemProxy;
			containerPortal = B604835E1FC46EE700EF8931 /* Project object */;
			proxyType = 1;
			remoteGlobalIDString = B60483651FC46EE700EF8931;
			remoteInfo = aPollo;
		};
		B60483891FC46EE700EF8931 /* PBXContainerItemProxy */ = {
			isa = PBXContainerItemProxy;
			containerPortal = B604835E1FC46EE700EF8931 /* Project object */;
			proxyType = 1;
			remoteGlobalIDString = B60483651FC46EE700EF8931;
			remoteInfo = aPollo;
		};
/* End PBXContainerItemProxy section */

/* Begin PBXFileReference section */
		08C4BDF6241B7E47A4EF20EB /* Pods-aPolloTests.debug.xcconfig */ = {isa = PBXFileReference; includeInIndex = 1; lastKnownFileType = text.xcconfig; name = "Pods-aPolloTests.debug.xcconfig"; path = "Pods/Target Support Files/Pods-aPolloTests/Pods-aPolloTests.debug.xcconfig"; sourceTree = "<group>"; };
		37DCFDEBDDEF0C6CBDCD535D /* Pods-aPolloTests.release.xcconfig */ = {isa = PBXFileReference; includeInIndex = 1; lastKnownFileType = text.xcconfig; name = "Pods-aPolloTests.release.xcconfig"; path = "Pods/Target Support Files/Pods-aPolloTests/Pods-aPolloTests.release.xcconfig"; sourceTree = "<group>"; };
		3B23F66AE9D87662229DB411 /* Pods_aPolloTests.framework */ = {isa = PBXFileReference; explicitFileType = wrapper.framework; includeInIndex = 0; path = Pods_aPolloTests.framework; sourceTree = BUILT_PRODUCTS_DIR; };
		4C072E10084AE8478C66C905 /* Pods-aPolloUITests.debug.xcconfig */ = {isa = PBXFileReference; includeInIndex = 1; lastKnownFileType = text.xcconfig; name = "Pods-aPolloUITests.debug.xcconfig"; path = "Pods/Target Support Files/Pods-aPolloUITests/Pods-aPolloUITests.debug.xcconfig"; sourceTree = "<group>"; };
		79E13AEB1E8D787FF49DEDF9 /* Pods_aPollo.framework */ = {isa = PBXFileReference; explicitFileType = wrapper.framework; includeInIndex = 0; path = Pods_aPollo.framework; sourceTree = BUILT_PRODUCTS_DIR; };
		A3A2901B9F5C5417F9D47D88 /* Pods-aPollo.release.xcconfig */ = {isa = PBXFileReference; includeInIndex = 1; lastKnownFileType = text.xcconfig; name = "Pods-aPollo.release.xcconfig"; path = "Pods/Target Support Files/Pods-aPollo/Pods-aPollo.release.xcconfig"; sourceTree = "<group>"; };
		A8711FBF10D10882DF70090F /* Pods-aPollo.debug.xcconfig */ = {isa = PBXFileReference; includeInIndex = 1; lastKnownFileType = text.xcconfig; name = "Pods-aPollo.debug.xcconfig"; path = "Pods/Target Support Files/Pods-aPollo/Pods-aPollo.debug.xcconfig"; sourceTree = "<group>"; };
		B60483661FC46EE700EF8931 /* aPollo.app */ = {isa = PBXFileReference; explicitFileType = wrapper.application; includeInIndex = 0; path = aPollo.app; sourceTree = BUILT_PRODUCTS_DIR; };
		B60483691FC46EE700EF8931 /* AppDelegate.swift */ = {isa = PBXFileReference; lastKnownFileType = sourcecode.swift; path = AppDelegate.swift; sourceTree = "<group>"; };
		B604836B1FC46EE700EF8931 /* ViewController.swift */ = {isa = PBXFileReference; lastKnownFileType = sourcecode.swift; path = ViewController.swift; sourceTree = "<group>"; };
		B604836E1FC46EE700EF8931 /* Base */ = {isa = PBXFileReference; lastKnownFileType = file.storyboard; name = Base; path = Base.lproj/Main.storyboard; sourceTree = "<group>"; };
		B60483711FC46EE700EF8931 /* aPollo.xcdatamodel */ = {isa = PBXFileReference; lastKnownFileType = wrapper.xcdatamodel; path = aPollo.xcdatamodel; sourceTree = "<group>"; };
		B60483731FC46EE700EF8931 /* Assets.xcassets */ = {isa = PBXFileReference; lastKnownFileType = folder.assetcatalog; path = Assets.xcassets; sourceTree = "<group>"; };
		B60483761FC46EE700EF8931 /* Base */ = {isa = PBXFileReference; lastKnownFileType = file.storyboard; name = Base; path = Base.lproj/LaunchScreen.storyboard; sourceTree = "<group>"; };
		B60483781FC46EE700EF8931 /* Info.plist */ = {isa = PBXFileReference; lastKnownFileType = text.plist.xml; path = Info.plist; sourceTree = "<group>"; };
		B604837D1FC46EE700EF8931 /* aPolloTests.xctest */ = {isa = PBXFileReference; explicitFileType = wrapper.cfbundle; includeInIndex = 0; path = aPolloTests.xctest; sourceTree = BUILT_PRODUCTS_DIR; };
		B60483811FC46EE700EF8931 /* aPolloTests.swift */ = {isa = PBXFileReference; lastKnownFileType = sourcecode.swift; path = aPolloTests.swift; sourceTree = "<group>"; };
		B60483831FC46EE700EF8931 /* Info.plist */ = {isa = PBXFileReference; lastKnownFileType = text.plist.xml; path = Info.plist; sourceTree = "<group>"; };
		B60483881FC46EE700EF8931 /* aPolloUITests.xctest */ = {isa = PBXFileReference; explicitFileType = wrapper.cfbundle; includeInIndex = 0; path = aPolloUITests.xctest; sourceTree = BUILT_PRODUCTS_DIR; };
		B604838C1FC46EE700EF8931 /* aPolloUITests.swift */ = {isa = PBXFileReference; lastKnownFileType = sourcecode.swift; path = aPolloUITests.swift; sourceTree = "<group>"; };
		B604838E1FC46EE700EF8931 /* Info.plist */ = {isa = PBXFileReference; lastKnownFileType = text.plist.xml; path = Info.plist; sourceTree = "<group>"; };
		B614BC2A206181F6005D591B /* FIRMessagingService.swift */ = {isa = PBXFileReference; fileEncoding = 4; lastKnownFileType = sourcecode.swift; path = FIRMessagingService.swift; sourceTree = "<group>"; };
		B614BC2B206181F6005D591B /* UNService.swift */ = {isa = PBXFileReference; fileEncoding = 4; lastKnownFileType = sourcecode.swift; path = UNService.swift; sourceTree = "<group>"; };
		B614BC2E20618502005D591B /* GoogleService-Info.plist */ = {isa = PBXFileReference; fileEncoding = 4; lastKnownFileType = text.plist.xml; path = "GoogleService-Info.plist"; sourceTree = "<group>"; };
		B614BC3020618641005D591B /* aPollo.entitlements */ = {isa = PBXFileReference; lastKnownFileType = text.plist.entitlements; path = aPollo.entitlements; sourceTree = "<group>"; };
		B61D2F73203B258A0036A152 /* StudentStruct.swift */ = {isa = PBXFileReference; lastKnownFileType = sourcecode.swift; path = StudentStruct.swift; sourceTree = "<group>"; };
		B6569D7A204DA3CC002C6493 /* ClassStruct.swift */ = {isa = PBXFileReference; lastKnownFileType = sourcecode.swift; path = ClassStruct.swift; sourceTree = "<group>"; };
		B6569D7C204DA506002C6493 /* ProfessorStruct.swift */ = {isa = PBXFileReference; lastKnownFileType = sourcecode.swift; path = ProfessorStruct.swift; sourceTree = "<group>"; };
		B6569D7E204DB6EE002C6493 /* StudentQuestionStruct.swift */ = {isa = PBXFileReference; lastKnownFileType = sourcecode.swift; path = StudentQuestionStruct.swift; sourceTree = "<group>"; };
		B6569D80204DB93B002C6493 /* CourseEvaluationStruct.swift */ = {isa = PBXFileReference; lastKnownFileType = sourcecode.swift; path = CourseEvaluationStruct.swift; sourceTree = "<group>"; };
		B6569D82204DBC23002C6493 /* EvaluationQuestionStruct.swift */ = {isa = PBXFileReference; lastKnownFileType = sourcecode.swift; path = EvaluationQuestionStruct.swift; sourceTree = "<group>"; };
		B6569D84204DBFB7002C6493 /* PollStruct.swift */ = {isa = PBXFileReference; lastKnownFileType = sourcecode.swift; path = PollStruct.swift; sourceTree = "<group>"; };
		B6569D86204DC872002C6493 /* PollQuestionStruct.swift */ = {isa = PBXFileReference; lastKnownFileType = sourcecode.swift; path = PollQuestionStruct.swift; sourceTree = "<group>"; };
		B6569D88204DC9F4002C6493 /* PollAnswerStruct.swift */ = {isa = PBXFileReference; lastKnownFileType = sourcecode.swift; path = PollAnswerStruct.swift; sourceTree = "<group>"; };
		B668B5AD1FD6ED4C000D11AF /* AttendanceViewController.swift */ = {isa = PBXFileReference; lastKnownFileType = sourcecode.swift; path = AttendanceViewController.swift; sourceTree = "<group>"; };
		B694C2FA2028B5CD002A5E03 /* MSAL.framework */ = {isa = PBXFileReference; lastKnownFileType = wrapper.framework; name = MSAL.framework; path = Carthage/Build/iOS/MSAL.framework; sourceTree = "<group>"; };
		B6950D266C66E1C901CE51CE /* Pods_aPolloUITests.framework */ = {isa = PBXFileReference; explicitFileType = wrapper.framework; includeInIndex = 0; path = Pods_aPolloUITests.framework; sourceTree = BUILT_PRODUCTS_DIR; };
		B6CADB21206BF28F0027D4C0 /* WelcomeViewController.swift */ = {isa = PBXFileReference; lastKnownFileType = sourcecode.swift; path = WelcomeViewController.swift; sourceTree = "<group>"; };
		B6CADB23206BF2B30027D4C0 /* MenuTableViewController.swift */ = {isa = PBXFileReference; lastKnownFileType = sourcecode.swift; name = MenuTableViewController.swift; path = /Users/vanessanader/aPollo/aPollo/MenuTableViewController.swift; sourceTree = "<absolute>"; };
		B6CADB25206BF9B00027D4C0 /* aPollo-Bridging-Header.h */ = {isa = PBXFileReference; lastKnownFileType = sourcecode.c.h; path = "aPollo-Bridging-Header.h"; sourceTree = "<group>"; };
		B6CADB26206BF9B20027D4C0 /* SWRevealViewController.h */ = {isa = PBXFileReference; fileEncoding = 4; lastKnownFileType = sourcecode.c.h; path = SWRevealViewController.h; sourceTree = "<group>"; };
		B6CADB27206BF9B20027D4C0 /* SWRevealViewController.m */ = {isa = PBXFileReference; fileEncoding = 4; lastKnownFileType = sourcecode.c.objc; path = SWRevealViewController.m; sourceTree = "<group>"; };
		B6CADB29206C1EC70027D4C0 /* ClassesTableViewCell.swift */ = {isa = PBXFileReference; lastKnownFileType = sourcecode.swift; path = ClassesTableViewCell.swift; sourceTree = "<group>"; };
		F522A4FC5CB64ECF2C8F102A /* Pods-aPolloUITests.release.xcconfig */ = {isa = PBXFileReference; includeInIndex = 1; lastKnownFileType = text.xcconfig; name = "Pods-aPolloUITests.release.xcconfig"; path = "Pods/Target Support Files/Pods-aPolloUITests/Pods-aPolloUITests.release.xcconfig"; sourceTree = "<group>"; };
/* End PBXFileReference section */

/* Begin PBXFrameworksBuildPhase section */
		B60483631FC46EE700EF8931 /* Frameworks */ = {
			isa = PBXFrameworksBuildPhase;
			buildActionMask = 2147483647;
			files = (
				B68E9C2A2031EF6600470B5A /* MSAL.framework in Frameworks */,
				EE66E01FCECCFFF62C3AA5B6 /* Pods_aPollo.framework in Frameworks */,
			);
			runOnlyForDeploymentPostprocessing = 0;
		};
		B604837A1FC46EE700EF8931 /* Frameworks */ = {
			isa = PBXFrameworksBuildPhase;
			buildActionMask = 2147483647;
			files = (
				7B91DF9D2EA01779352C71AA /* Pods_aPolloTests.framework in Frameworks */,
			);
			runOnlyForDeploymentPostprocessing = 0;
		};
		B60483851FC46EE700EF8931 /* Frameworks */ = {
			isa = PBXFrameworksBuildPhase;
			buildActionMask = 2147483647;
			files = (
				959BF28766387EB6FDC547CA /* Pods_aPolloUITests.framework in Frameworks */,
			);
			runOnlyForDeploymentPostprocessing = 0;
		};
/* End PBXFrameworksBuildPhase section */

/* Begin PBXGroup section */
		0BA41D93DAF4C92AB9D2FE05 /* Pods */ = {
			isa = PBXGroup;
			children = (
				A8711FBF10D10882DF70090F /* Pods-aPollo.debug.xcconfig */,
				A3A2901B9F5C5417F9D47D88 /* Pods-aPollo.release.xcconfig */,
				08C4BDF6241B7E47A4EF20EB /* Pods-aPolloTests.debug.xcconfig */,
				37DCFDEBDDEF0C6CBDCD535D /* Pods-aPolloTests.release.xcconfig */,
				4C072E10084AE8478C66C905 /* Pods-aPolloUITests.debug.xcconfig */,
				F522A4FC5CB64ECF2C8F102A /* Pods-aPolloUITests.release.xcconfig */,
			);
			name = Pods;
			sourceTree = "<group>";
		};
		B604835D1FC46EE700EF8931 = {
			isa = PBXGroup;
			children = (
				B60483681FC46EE700EF8931 /* aPollo */,
				B60483801FC46EE700EF8931 /* aPolloTests */,
				B604838B1FC46EE700EF8931 /* aPolloUITests */,
				B60483671FC46EE700EF8931 /* Products */,
				0BA41D93DAF4C92AB9D2FE05 /* Pods */,
				F1F0D78545A85B3940EAA8B9 /* Frameworks */,
			);
			sourceTree = "<group>";
		};
		B60483671FC46EE700EF8931 /* Products */ = {
			isa = PBXGroup;
			children = (
				B60483661FC46EE700EF8931 /* aPollo.app */,
				B604837D1FC46EE700EF8931 /* aPolloTests.xctest */,
				B60483881FC46EE700EF8931 /* aPolloUITests.xctest */,
			);
			name = Products;
			sourceTree = "<group>";
		};
		B60483681FC46EE700EF8931 /* aPollo */ = {
			isa = PBXGroup;
			children = (
				B614BC3020618641005D591B /* aPollo.entitlements */,
				B614BC2E20618502005D591B /* GoogleService-Info.plist */,
				B6CADB23206BF2B30027D4C0 /* MenuTableViewController.swift */,
				B60483691FC46EE700EF8931 /* AppDelegate.swift */,
				B6569D7A204DA3CC002C6493 /* ClassStruct.swift */,
				B614BC29206181F6005D591B /* Service */,
				B6569D80204DB93B002C6493 /* CourseEvaluationStruct.swift */,
				B61D2F73203B258A0036A152 /* StudentStruct.swift */,
				B6569D7C204DA506002C6493 /* ProfessorStruct.swift */,
				B6569D7E204DB6EE002C6493 /* StudentQuestionStruct.swift */,
				B6569D84204DBFB7002C6493 /* PollStruct.swift */,
				B6569D86204DC872002C6493 /* PollQuestionStruct.swift */,
				B6CADB26206BF9B20027D4C0 /* SWRevealViewController.h */,
				B6CADB27206BF9B20027D4C0 /* SWRevealViewController.m */,
				B6569D88204DC9F4002C6493 /* PollAnswerStruct.swift */,
				B604836D1FC46EE700EF8931 /* Main.storyboard */,
				B6CADB29206C1EC70027D4C0 /* ClassesTableViewCell.swift */,
				B6CADB21206BF28F0027D4C0 /* WelcomeViewController.swift */,
				B604836B1FC46EE700EF8931 /* ViewController.swift */,
				B6569D82204DBC23002C6493 /* EvaluationQuestionStruct.swift */,
				B668B5AD1FD6ED4C000D11AF /* AttendanceViewController.swift */,
				B60483731FC46EE700EF8931 /* Assets.xcassets */,
				B60483751FC46EE700EF8931 /* LaunchScreen.storyboard */,
				B60483781FC46EE700EF8931 /* Info.plist */,
				B60483701FC46EE700EF8931 /* aPollo.xcdatamodeld */,
				B6CADB25206BF9B00027D4C0 /* aPollo-Bridging-Header.h */,
			);
			path = aPollo;
			sourceTree = "<group>";
		};
		B60483801FC46EE700EF8931 /* aPolloTests */ = {
			isa = PBXGroup;
			children = (
				B60483811FC46EE700EF8931 /* aPolloTests.swift */,
				B60483831FC46EE700EF8931 /* Info.plist */,
			);
			path = aPolloTests;
			sourceTree = "<group>";
		};
		B604838B1FC46EE700EF8931 /* aPolloUITests */ = {
			isa = PBXGroup;
			children = (
				B604838C1FC46EE700EF8931 /* aPolloUITests.swift */,
				B604838E1FC46EE700EF8931 /* Info.plist */,
			);
			path = aPolloUITests;
			sourceTree = "<group>";
		};
		B614BC29206181F6005D591B /* Service */ = {
			isa = PBXGroup;
			children = (
				B614BC2A206181F6005D591B /* FIRMessagingService.swift */,
				B614BC2B206181F6005D591B /* UNService.swift */,
			);
			path = Service;
			sourceTree = "<group>";
		};
		F1F0D78545A85B3940EAA8B9 /* Frameworks */ = {
			isa = PBXGroup;
			children = (
				B694C2FA2028B5CD002A5E03 /* MSAL.framework */,
				79E13AEB1E8D787FF49DEDF9 /* Pods_aPollo.framework */,
				3B23F66AE9D87662229DB411 /* Pods_aPolloTests.framework */,
				B6950D266C66E1C901CE51CE /* Pods_aPolloUITests.framework */,
			);
			name = Frameworks;
			sourceTree = "<group>";
		};
/* End PBXGroup section */

/* Begin PBXNativeTarget section */
		B60483651FC46EE700EF8931 /* aPollo */ = {
			isa = PBXNativeTarget;
			buildConfigurationList = B60483911FC46EE700EF8931 /* Build configuration list for PBXNativeTarget "aPollo" */;
			buildPhases = (
				AA1984EEC6DCA1F6D91C49DA /* [CP] Check Pods Manifest.lock */,
				B60483621FC46EE700EF8931 /* Sources */,
				B60483631FC46EE700EF8931 /* Frameworks */,
				B60483641FC46EE700EF8931 /* Resources */,
				F371E4382F7FE71FCF2F819C /* [CP] Embed Pods Frameworks */,
				5AB721A0591D1EC8A47E9572 /* [CP] Copy Pods Resources */,
				B694C2FC2028B5E2002A5E03 /* ShellScript */,
			);
			buildRules = (
			);
			dependencies = (
			);
			name = aPollo;
			productName = aPollo;
			productReference = B60483661FC46EE700EF8931 /* aPollo.app */;
			productType = "com.apple.product-type.application";
		};
		B604837C1FC46EE700EF8931 /* aPolloTests */ = {
			isa = PBXNativeTarget;
			buildConfigurationList = B60483941FC46EE700EF8931 /* Build configuration list for PBXNativeTarget "aPolloTests" */;
			buildPhases = (
				7E6BA901F0792D9A6E838639 /* [CP] Check Pods Manifest.lock */,
				B60483791FC46EE700EF8931 /* Sources */,
				B604837A1FC46EE700EF8931 /* Frameworks */,
				B604837B1FC46EE700EF8931 /* Resources */,
				3CF841646B16372E7CFBDE22 /* [CP] Embed Pods Frameworks */,
				8C35536E8CC65D2936F8896F /* [CP] Copy Pods Resources */,
			);
			buildRules = (
			);
			dependencies = (
				B604837F1FC46EE700EF8931 /* PBXTargetDependency */,
			);
			name = aPolloTests;
			productName = aPolloTests;
			productReference = B604837D1FC46EE700EF8931 /* aPolloTests.xctest */;
			productType = "com.apple.product-type.bundle.unit-test";
		};
		B60483871FC46EE700EF8931 /* aPolloUITests */ = {
			isa = PBXNativeTarget;
			buildConfigurationList = B60483971FC46EE700EF8931 /* Build configuration list for PBXNativeTarget "aPolloUITests" */;
			buildPhases = (
				087E1ECA729707B208933A30 /* [CP] Check Pods Manifest.lock */,
				B60483841FC46EE700EF8931 /* Sources */,
				B60483851FC46EE700EF8931 /* Frameworks */,
				B60483861FC46EE700EF8931 /* Resources */,
				A0C7877B5013288623DBA8F8 /* [CP] Embed Pods Frameworks */,
				2CEF903B0390C64A3B9F809C /* [CP] Copy Pods Resources */,
			);
			buildRules = (
			);
			dependencies = (
				B604838A1FC46EE700EF8931 /* PBXTargetDependency */,
			);
			name = aPolloUITests;
			productName = aPolloUITests;
			productReference = B60483881FC46EE700EF8931 /* aPolloUITests.xctest */;
			productType = "com.apple.product-type.bundle.ui-testing";
		};
/* End PBXNativeTarget section */

/* Begin PBXProject section */
		B604835E1FC46EE700EF8931 /* Project object */ = {
			isa = PBXProject;
			attributes = {
				LastSwiftUpdateCheck = 0900;
				LastUpgradeCheck = 0900;
				ORGANIZATIONNAME = "Vanessa Nader";
				TargetAttributes = {
					B60483651FC46EE700EF8931 = {
						CreatedOnToolsVersion = 9.0;
						LastSwiftMigration = 0920;
						ProvisioningStyle = Automatic;
						SystemCapabilities = {
							com.apple.BackgroundModes = {
								enabled = 1;
							};
							com.apple.Push = {
								enabled = 1;
							};
						};
					};
					B604837C1FC46EE700EF8931 = {
						CreatedOnToolsVersion = 9.0;
						ProvisioningStyle = Automatic;
						TestTargetID = B60483651FC46EE700EF8931;
					};
					B60483871FC46EE700EF8931 = {
						CreatedOnToolsVersion = 9.0;
						ProvisioningStyle = Automatic;
						TestTargetID = B60483651FC46EE700EF8931;
					};
				};
			};
			buildConfigurationList = B60483611FC46EE700EF8931 /* Build configuration list for PBXProject "aPollo" */;
			compatibilityVersion = "Xcode 8.0";
			developmentRegion = en;
			hasScannedForEncodings = 0;
			knownRegions = (
				en,
				Base,
			);
			mainGroup = B604835D1FC46EE700EF8931;
			productRefGroup = B60483671FC46EE700EF8931 /* Products */;
			projectDirPath = "";
			projectRoot = "";
			targets = (
				B60483651FC46EE700EF8931 /* aPollo */,
				B604837C1FC46EE700EF8931 /* aPolloTests */,
				B60483871FC46EE700EF8931 /* aPolloUITests */,
			);
		};
/* End PBXProject section */

/* Begin PBXResourcesBuildPhase section */
		B60483641FC46EE700EF8931 /* Resources */ = {
			isa = PBXResourcesBuildPhase;
			buildActionMask = 2147483647;
			files = (
				B60483771FC46EE700EF8931 /* LaunchScreen.storyboard in Resources */,
				B60483741FC46EE700EF8931 /* Assets.xcassets in Resources */,
				B614BC2F20618502005D591B /* GoogleService-Info.plist in Resources */,
				B604836F1FC46EE700EF8931 /* Main.storyboard in Resources */,
			);
			runOnlyForDeploymentPostprocessing = 0;
		};
		B604837B1FC46EE700EF8931 /* Resources */ = {
			isa = PBXResourcesBuildPhase;
			buildActionMask = 2147483647;
			files = (
			);
			runOnlyForDeploymentPostprocessing = 0;
		};
		B60483861FC46EE700EF8931 /* Resources */ = {
			isa = PBXResourcesBuildPhase;
			buildActionMask = 2147483647;
			files = (
			);
			runOnlyForDeploymentPostprocessing = 0;
		};
/* End PBXResourcesBuildPhase section */

/* Begin PBXShellScriptBuildPhase section */
		087E1ECA729707B208933A30 /* [CP] Check Pods Manifest.lock */ = {
			isa = PBXShellScriptBuildPhase;
			buildActionMask = 2147483647;
			files = (
			);
			inputPaths = (
			);
			name = "[CP] Check Pods Manifest.lock";
			outputPaths = (
			);
			runOnlyForDeploymentPostprocessing = 0;
			shellPath = /bin/sh;
			shellScript = "diff \"${PODS_ROOT}/../Podfile.lock\" \"${PODS_ROOT}/Manifest.lock\" > /dev/null\nif [ $? != 0 ] ; then\n    # print error to STDERR\n    echo \"error: The sandbox is not in sync with the Podfile.lock. Run 'pod install' or update your CocoaPods installation.\" >&2\n    exit 1\nfi\n";
			showEnvVarsInLog = 0;
		};
		2CEF903B0390C64A3B9F809C /* [CP] Copy Pods Resources */ = {
			isa = PBXShellScriptBuildPhase;
			buildActionMask = 2147483647;
			files = (
			);
			inputPaths = (
			);
			name = "[CP] Copy Pods Resources";
			outputPaths = (
			);
			runOnlyForDeploymentPostprocessing = 0;
			shellPath = /bin/sh;
			shellScript = "\"${SRCROOT}/Pods/Target Support Files/Pods-aPolloUITests/Pods-aPolloUITests-resources.sh\"\n";
			showEnvVarsInLog = 0;
		};
		3CF841646B16372E7CFBDE22 /* [CP] Embed Pods Frameworks */ = {
			isa = PBXShellScriptBuildPhase;
			buildActionMask = 2147483647;
			files = (
			);
			inputPaths = (
			);
			name = "[CP] Embed Pods Frameworks";
			outputPaths = (
			);
			runOnlyForDeploymentPostprocessing = 0;
			shellPath = /bin/sh;
			shellScript = "\"${SRCROOT}/Pods/Target Support Files/Pods-aPolloTests/Pods-aPolloTests-frameworks.sh\"\n";
			showEnvVarsInLog = 0;
		};
		5AB721A0591D1EC8A47E9572 /* [CP] Copy Pods Resources */ = {
			isa = PBXShellScriptBuildPhase;
			buildActionMask = 2147483647;
			files = (
			);
			inputPaths = (
			);
			name = "[CP] Copy Pods Resources";
			outputPaths = (
			);
			runOnlyForDeploymentPostprocessing = 0;
			shellPath = /bin/sh;
			shellScript = "\"${SRCROOT}/Pods/Target Support Files/Pods-aPollo/Pods-aPollo-resources.sh\"\n";
			showEnvVarsInLog = 0;
		};
		7E6BA901F0792D9A6E838639 /* [CP] Check Pods Manifest.lock */ = {
			isa = PBXShellScriptBuildPhase;
			buildActionMask = 2147483647;
			files = (
			);
			inputPaths = (
			);
			name = "[CP] Check Pods Manifest.lock";
			outputPaths = (
			);
			runOnlyForDeploymentPostprocessing = 0;
			shellPath = /bin/sh;
			shellScript = "diff \"${PODS_ROOT}/../Podfile.lock\" \"${PODS_ROOT}/Manifest.lock\" > /dev/null\nif [ $? != 0 ] ; then\n    # print error to STDERR\n    echo \"error: The sandbox is not in sync with the Podfile.lock. Run 'pod install' or update your CocoaPods installation.\" >&2\n    exit 1\nfi\n";
			showEnvVarsInLog = 0;
		};
		8C35536E8CC65D2936F8896F /* [CP] Copy Pods Resources */ = {
			isa = PBXShellScriptBuildPhase;
			buildActionMask = 2147483647;
			files = (
			);
			inputPaths = (
			);
			name = "[CP] Copy Pods Resources";
			outputPaths = (
			);
			runOnlyForDeploymentPostprocessing = 0;
			shellPath = /bin/sh;
			shellScript = "\"${SRCROOT}/Pods/Target Support Files/Pods-aPolloTests/Pods-aPolloTests-resources.sh\"\n";
			showEnvVarsInLog = 0;
		};
		A0C7877B5013288623DBA8F8 /* [CP] Embed Pods Frameworks */ = {
			isa = PBXShellScriptBuildPhase;
			buildActionMask = 2147483647;
			files = (
			);
			inputPaths = (
			);
			name = "[CP] Embed Pods Frameworks";
			outputPaths = (
			);
			runOnlyForDeploymentPostprocessing = 0;
			shellPath = /bin/sh;
			shellScript = "\"${SRCROOT}/Pods/Target Support Files/Pods-aPolloUITests/Pods-aPolloUITests-frameworks.sh\"\n";
			showEnvVarsInLog = 0;
		};
		AA1984EEC6DCA1F6D91C49DA /* [CP] Check Pods Manifest.lock */ = {
			isa = PBXShellScriptBuildPhase;
			buildActionMask = 2147483647;
			files = (
			);
			inputPaths = (
			);
			name = "[CP] Check Pods Manifest.lock";
			outputPaths = (
			);
			runOnlyForDeploymentPostprocessing = 0;
			shellPath = /bin/sh;
			shellScript = "diff \"${PODS_ROOT}/../Podfile.lock\" \"${PODS_ROOT}/Manifest.lock\" > /dev/null\nif [ $? != 0 ] ; then\n    # print error to STDERR\n    echo \"error: The sandbox is not in sync with the Podfile.lock. Run 'pod install' or update your CocoaPods installation.\" >&2\n    exit 1\nfi\n";
			showEnvVarsInLog = 0;
		};
		B694C2FC2028B5E2002A5E03 /* ShellScript */ = {
			isa = PBXShellScriptBuildPhase;
			buildActionMask = 2147483647;
			files = (
			);
			inputPaths = (
				"$(SRCROOT)/Carthage/Build/iOS/MSAL.framework",
			);
			outputPaths = (
			);
			runOnlyForDeploymentPostprocessing = 0;
			shellPath = /bin/sh;
			shellScript = "/usr/local/bin/carthage copy-frameworks\n";
		};
		F371E4382F7FE71FCF2F819C /* [CP] Embed Pods Frameworks */ = {
			isa = PBXShellScriptBuildPhase;
			buildActionMask = 2147483647;
			files = (
			);
			inputPaths = (
			);
			name = "[CP] Embed Pods Frameworks";
			outputPaths = (
			);
			runOnlyForDeploymentPostprocessing = 0;
			shellPath = /bin/sh;
			shellScript = "\"${SRCROOT}/Pods/Target Support Files/Pods-aPollo/Pods-aPollo-frameworks.sh\"\n";
			showEnvVarsInLog = 0;
		};
/* End PBXShellScriptBuildPhase section */

/* Begin PBXSourcesBuildPhase section */
		B60483621FC46EE700EF8931 /* Sources */ = {
			isa = PBXSourcesBuildPhase;
			buildActionMask = 2147483647;
			files = (
				B6569D7B204DA3CC002C6493 /* ClassStruct.swift in Sources */,
				B604836C1FC46EE700EF8931 /* ViewController.swift in Sources */,
				B6569D85204DBFB7002C6493 /* PollStruct.swift in Sources */,
				B6CADB2A206C1EC70027D4C0 /* ClassesTableViewCell.swift in Sources */,
				B6569D81204DB93B002C6493 /* CourseEvaluationStruct.swift in Sources */,
				B6CADB22206BF28F0027D4C0 /* WelcomeViewController.swift in Sources */,
				B6CADB28206BF9B30027D4C0 /* SWRevealViewController.m in Sources */,
				B614BC2C206181F6005D591B /* FIRMessagingService.swift in Sources */,
				B6569D89204DC9F4002C6493 /* PollAnswerStruct.swift in Sources */,
				B60483721FC46EE700EF8931 /* aPollo.xcdatamodeld in Sources */,
				B61D2F74203B258A0036A152 /* StudentStruct.swift in Sources */,
				B6569D7F204DB6EE002C6493 /* StudentQuestionStruct.swift in Sources */,
				B614BC2D206181F6005D591B /* UNService.swift in Sources */,
				B6CADB24206BF2B30027D4C0 /* MenuTableViewController.swift in Sources */,
				B6569D83204DBC23002C6493 /* EvaluationQuestionStruct.swift in Sources */,
				B604836A1FC46EE700EF8931 /* AppDelegate.swift in Sources */,
				B668B5AE1FD6ED4C000D11AF /* AttendanceViewController.swift in Sources */,
				B6569D7D204DA506002C6493 /* ProfessorStruct.swift in Sources */,
				B6569D87204DC872002C6493 /* PollQuestionStruct.swift in Sources */,
			);
			runOnlyForDeploymentPostprocessing = 0;
		};
		B60483791FC46EE700EF8931 /* Sources */ = {
			isa = PBXSourcesBuildPhase;
			buildActionMask = 2147483647;
			files = (
				B60483821FC46EE700EF8931 /* aPolloTests.swift in Sources */,
			);
			runOnlyForDeploymentPostprocessing = 0;
		};
		B60483841FC46EE700EF8931 /* Sources */ = {
			isa = PBXSourcesBuildPhase;
			buildActionMask = 2147483647;
			files = (
				B604838D1FC46EE700EF8931 /* aPolloUITests.swift in Sources */,
			);
			runOnlyForDeploymentPostprocessing = 0;
		};
/* End PBXSourcesBuildPhase section */

/* Begin PBXTargetDependency section */
		B604837F1FC46EE700EF8931 /* PBXTargetDependency */ = {
			isa = PBXTargetDependency;
			target = B60483651FC46EE700EF8931 /* aPollo */;
			targetProxy = B604837E1FC46EE700EF8931 /* PBXContainerItemProxy */;
		};
		B604838A1FC46EE700EF8931 /* PBXTargetDependency */ = {
			isa = PBXTargetDependency;
			target = B60483651FC46EE700EF8931 /* aPollo */;
			targetProxy = B60483891FC46EE700EF8931 /* PBXContainerItemProxy */;
		};
/* End PBXTargetDependency section */

/* Begin PBXVariantGroup section */
		B604836D1FC46EE700EF8931 /* Main.storyboard */ = {
			isa = PBXVariantGroup;
			children = (
				B604836E1FC46EE700EF8931 /* Base */,
			);
			name = Main.storyboard;
			sourceTree = "<group>";
		};
		B60483751FC46EE700EF8931 /* LaunchScreen.storyboard */ = {
			isa = PBXVariantGroup;
			children = (
				B60483761FC46EE700EF8931 /* Base */,
			);
			name = LaunchScreen.storyboard;
			sourceTree = "<group>";
		};
/* End PBXVariantGroup section */

/* Begin XCBuildConfiguration section */
		B604838F1FC46EE700EF8931 /* Debug */ = {
			isa = XCBuildConfiguration;
			buildSettings = {
				ALWAYS_SEARCH_USER_PATHS = NO;
				CLANG_ANALYZER_NONNULL = YES;
				CLANG_ANALYZER_NUMBER_OBJECT_CONVERSION = YES_AGGRESSIVE;
				CLANG_CXX_LANGUAGE_STANDARD = "gnu++14";
				CLANG_CXX_LIBRARY = "libc++";
				CLANG_ENABLE_MODULES = YES;
				CLANG_ENABLE_OBJC_ARC = YES;
				CLANG_WARN_BLOCK_CAPTURE_AUTORELEASING = YES;
				CLANG_WARN_BOOL_CONVERSION = YES;
				CLANG_WARN_COMMA = YES;
				CLANG_WARN_CONSTANT_CONVERSION = YES;
				CLANG_WARN_DIRECT_OBJC_ISA_USAGE = YES_ERROR;
				CLANG_WARN_DOCUMENTATION_COMMENTS = YES;
				CLANG_WARN_EMPTY_BODY = YES;
				CLANG_WARN_ENUM_CONVERSION = YES;
				CLANG_WARN_INFINITE_RECURSION = YES;
				CLANG_WARN_INT_CONVERSION = YES;
				CLANG_WARN_NON_LITERAL_NULL_CONVERSION = YES;
				CLANG_WARN_OBJC_LITERAL_CONVERSION = YES;
				CLANG_WARN_OBJC_ROOT_CLASS = YES_ERROR;
				CLANG_WARN_RANGE_LOOP_ANALYSIS = YES;
				CLANG_WARN_STRICT_PROTOTYPES = YES;
				CLANG_WARN_SUSPICIOUS_MOVE = YES;
				CLANG_WARN_UNGUARDED_AVAILABILITY = YES_AGGRESSIVE;
				CLANG_WARN_UNREACHABLE_CODE = YES;
				CLANG_WARN__DUPLICATE_METHOD_MATCH = YES;
				CODE_SIGN_IDENTITY = "iPhone Developer";
				COPY_PHASE_STRIP = NO;
				DEBUG_INFORMATION_FORMAT = dwarf;
				ENABLE_STRICT_OBJC_MSGSEND = YES;
				ENABLE_TESTABILITY = YES;
				GCC_C_LANGUAGE_STANDARD = gnu11;
				GCC_DYNAMIC_NO_PIC = NO;
				GCC_NO_COMMON_BLOCKS = YES;
				GCC_OPTIMIZATION_LEVEL = 0;
				GCC_PREPROCESSOR_DEFINITIONS = (
					"DEBUG=1",
					"$(inherited)",
				);
				GCC_WARN_64_TO_32_BIT_CONVERSION = YES;
				GCC_WARN_ABOUT_RETURN_TYPE = YES_ERROR;
				GCC_WARN_UNDECLARED_SELECTOR = YES;
				GCC_WARN_UNINITIALIZED_AUTOS = YES_AGGRESSIVE;
				GCC_WARN_UNUSED_FUNCTION = YES;
				GCC_WARN_UNUSED_VARIABLE = YES;
				IPHONEOS_DEPLOYMENT_TARGET = 11.0;
				MTL_ENABLE_DEBUG_INFO = YES;
				ONLY_ACTIVE_ARCH = YES;
				SDKROOT = iphoneos;
				SWIFT_ACTIVE_COMPILATION_CONDITIONS = DEBUG;
				SWIFT_OPTIMIZATION_LEVEL = "-Onone";
			};
			name = Debug;
		};
		B60483901FC46EE700EF8931 /* Release */ = {
			isa = XCBuildConfiguration;
			buildSettings = {
				ALWAYS_SEARCH_USER_PATHS = NO;
				CLANG_ANALYZER_NONNULL = YES;
				CLANG_ANALYZER_NUMBER_OBJECT_CONVERSION = YES_AGGRESSIVE;
				CLANG_CXX_LANGUAGE_STANDARD = "gnu++14";
				CLANG_CXX_LIBRARY = "libc++";
				CLANG_ENABLE_MODULES = YES;
				CLANG_ENABLE_OBJC_ARC = YES;
				CLANG_WARN_BLOCK_CAPTURE_AUTORELEASING = YES;
				CLANG_WARN_BOOL_CONVERSION = YES;
				CLANG_WARN_COMMA = YES;
				CLANG_WARN_CONSTANT_CONVERSION = YES;
				CLANG_WARN_DIRECT_OBJC_ISA_USAGE = YES_ERROR;
				CLANG_WARN_DOCUMENTATION_COMMENTS = YES;
				CLANG_WARN_EMPTY_BODY = YES;
				CLANG_WARN_ENUM_CONVERSION = YES;
				CLANG_WARN_INFINITE_RECURSION = YES;
				CLANG_WARN_INT_CONVERSION = YES;
				CLANG_WARN_NON_LITERAL_NULL_CONVERSION = YES;
				CLANG_WARN_OBJC_LITERAL_CONVERSION = YES;
				CLANG_WARN_OBJC_ROOT_CLASS = YES_ERROR;
				CLANG_WARN_RANGE_LOOP_ANALYSIS = YES;
				CLANG_WARN_STRICT_PROTOTYPES = YES;
				CLANG_WARN_SUSPICIOUS_MOVE = YES;
				CLANG_WARN_UNGUARDED_AVAILABILITY = YES_AGGRESSIVE;
				CLANG_WARN_UNREACHABLE_CODE = YES;
				CLANG_WARN__DUPLICATE_METHOD_MATCH = YES;
				CODE_SIGN_IDENTITY = "iPhone Developer";
				COPY_PHASE_STRIP = NO;
				DEBUG_INFORMATION_FORMAT = "dwarf-with-dsym";
				ENABLE_NS_ASSERTIONS = NO;
				ENABLE_STRICT_OBJC_MSGSEND = YES;
				GCC_C_LANGUAGE_STANDARD = gnu11;
				GCC_NO_COMMON_BLOCKS = YES;
				GCC_WARN_64_TO_32_BIT_CONVERSION = YES;
				GCC_WARN_ABOUT_RETURN_TYPE = YES_ERROR;
				GCC_WARN_UNDECLARED_SELECTOR = YES;
				GCC_WARN_UNINITIALIZED_AUTOS = YES_AGGRESSIVE;
				GCC_WARN_UNUSED_FUNCTION = YES;
				GCC_WARN_UNUSED_VARIABLE = YES;
				IPHONEOS_DEPLOYMENT_TARGET = 11.0;
				MTL_ENABLE_DEBUG_INFO = NO;
				SDKROOT = iphoneos;
				SWIFT_OPTIMIZATION_LEVEL = "-Owholemodule";
				VALIDATE_PRODUCT = YES;
			};
			name = Release;
		};
		B60483921FC46EE700EF8931 /* Debug */ = {
			isa = XCBuildConfiguration;
			baseConfigurationReference = A8711FBF10D10882DF70090F /* Pods-aPollo.debug.xcconfig */;
			buildSettings = {
				ASSETCATALOG_COMPILER_APPICON_NAME = AppIcon;
				CLANG_ENABLE_MODULES = YES;
				CODE_SIGN_ENTITLEMENTS = aPollo/aPollo.entitlements;
				CODE_SIGN_STYLE = Automatic;
				DEVELOPMENT_TEAM = 8LT4277C74;
				FRAMEWORK_SEARCH_PATHS = (
					"$(inherited)",
					"$(PROJECT_DIR)/Carthage/Build/iOS",
				);
				INFOPLIST_FILE = aPollo/Info.plist;
				LD_RUNPATH_SEARCH_PATHS = "$(inherited) @executable_path/Frameworks";
				PRODUCT_BUNDLE_IDENTIFIER = com.vanessanader.aPollo;
				PRODUCT_NAME = "$(TARGET_NAME)";
				SWIFT_OBJC_BRIDGING_HEADER = "aPollo/aPollo-Bridging-Header.h";
				SWIFT_OPTIMIZATION_LEVEL = "-Onone";
				SWIFT_VERSION = 4.0;
				TARGETED_DEVICE_FAMILY = "1,2";
			};
			name = Debug;
		};
		B60483931FC46EE700EF8931 /* Release */ = {
			isa = XCBuildConfiguration;
			baseConfigurationReference = A3A2901B9F5C5417F9D47D88 /* Pods-aPollo.release.xcconfig */;
			buildSettings = {
				ASSETCATALOG_COMPILER_APPICON_NAME = AppIcon;
				CLANG_ENABLE_MODULES = YES;
				CODE_SIGN_ENTITLEMENTS = aPollo/aPollo.entitlements;
				CODE_SIGN_STYLE = Automatic;
				DEVELOPMENT_TEAM = 8LT4277C74;
				FRAMEWORK_SEARCH_PATHS = (
					"$(inherited)",
					"$(PROJECT_DIR)/Carthage/Build/iOS",
				);
				INFOPLIST_FILE = aPollo/Info.plist;
				LD_RUNPATH_SEARCH_PATHS = "$(inherited) @executable_path/Frameworks";
				PRODUCT_BUNDLE_IDENTIFIER = com.vanessanader.aPollo;
				PRODUCT_NAME = "$(TARGET_NAME)";
				SWIFT_OBJC_BRIDGING_HEADER = "aPollo/aPollo-Bridging-Header.h";
				SWIFT_VERSION = 4.0;
				TARGETED_DEVICE_FAMILY = "1,2";
			};
			name = Release;
		};
		B60483951FC46EE700EF8931 /* Debug */ = {
			isa = XCBuildConfiguration;
			baseConfigurationReference = 08C4BDF6241B7E47A4EF20EB /* Pods-aPolloTests.debug.xcconfig */;
			buildSettings = {
				ALWAYS_EMBED_SWIFT_STANDARD_LIBRARIES = YES;
				BUNDLE_LOADER = "$(TEST_HOST)";
				CODE_SIGN_STYLE = Automatic;
				DEVELOPMENT_TEAM = LEU3K6P4DA;
				INFOPLIST_FILE = aPolloTests/Info.plist;
				LD_RUNPATH_SEARCH_PATHS = "$(inherited) @executable_path/Frameworks @loader_path/Frameworks";
				PRODUCT_BUNDLE_IDENTIFIER = vanessanader.aPolloTests;
				PRODUCT_NAME = "$(TARGET_NAME)";
				SWIFT_VERSION = 4.0;
				TARGETED_DEVICE_FAMILY = "1,2";
				TEST_HOST = "$(BUILT_PRODUCTS_DIR)/aPollo.app/aPollo";
			};
			name = Debug;
		};
		B60483961FC46EE700EF8931 /* Release */ = {
			isa = XCBuildConfiguration;
			baseConfigurationReference = 37DCFDEBDDEF0C6CBDCD535D /* Pods-aPolloTests.release.xcconfig */;
			buildSettings = {
				ALWAYS_EMBED_SWIFT_STANDARD_LIBRARIES = YES;
				BUNDLE_LOADER = "$(TEST_HOST)";
				CODE_SIGN_STYLE = Automatic;
				DEVELOPMENT_TEAM = LEU3K6P4DA;
				INFOPLIST_FILE = aPolloTests/Info.plist;
				LD_RUNPATH_SEARCH_PATHS = "$(inherited) @executable_path/Frameworks @loader_path/Frameworks";
				PRODUCT_BUNDLE_IDENTIFIER = vanessanader.aPolloTests;
				PRODUCT_NAME = "$(TARGET_NAME)";
				SWIFT_VERSION = 4.0;
				TARGETED_DEVICE_FAMILY = "1,2";
				TEST_HOST = "$(BUILT_PRODUCTS_DIR)/aPollo.app/aPollo";
			};
			name = Release;
		};
		B60483981FC46EE700EF8931 /* Debug */ = {
			isa = XCBuildConfiguration;
			baseConfigurationReference = 4C072E10084AE8478C66C905 /* Pods-aPolloUITests.debug.xcconfig */;
			buildSettings = {
				ALWAYS_EMBED_SWIFT_STANDARD_LIBRARIES = YES;
				CODE_SIGN_STYLE = Automatic;
				DEVELOPMENT_TEAM = LEU3K6P4DA;
				INFOPLIST_FILE = aPolloUITests/Info.plist;
				LD_RUNPATH_SEARCH_PATHS = "$(inherited) @executable_path/Frameworks @loader_path/Frameworks";
				PRODUCT_BUNDLE_IDENTIFIER = vanessanader.aPolloUITests;
				PRODUCT_NAME = "$(TARGET_NAME)";
				SWIFT_VERSION = 4.0;
				TARGETED_DEVICE_FAMILY = "1,2";
				TEST_TARGET_NAME = aPollo;
			};
			name = Debug;
		};
		B60483991FC46EE700EF8931 /* Release */ = {
			isa = XCBuildConfiguration;
			baseConfigurationReference = F522A4FC5CB64ECF2C8F102A /* Pods-aPolloUITests.release.xcconfig */;
			buildSettings = {
				ALWAYS_EMBED_SWIFT_STANDARD_LIBRARIES = YES;
				CODE_SIGN_STYLE = Automatic;
				DEVELOPMENT_TEAM = LEU3K6P4DA;
				INFOPLIST_FILE = aPolloUITests/Info.plist;
				LD_RUNPATH_SEARCH_PATHS = "$(inherited) @executable_path/Frameworks @loader_path/Frameworks";
				PRODUCT_BUNDLE_IDENTIFIER = vanessanader.aPolloUITests;
				PRODUCT_NAME = "$(TARGET_NAME)";
				SWIFT_VERSION = 4.0;
				TARGETED_DEVICE_FAMILY = "1,2";
				TEST_TARGET_NAME = aPollo;
			};
			name = Release;
		};
/* End XCBuildConfiguration section */

/* Begin XCConfigurationList section */
		B60483611FC46EE700EF8931 /* Build configuration list for PBXProject "aPollo" */ = {
			isa = XCConfigurationList;
			buildConfigurations = (
				B604838F1FC46EE700EF8931 /* Debug */,
				B60483901FC46EE700EF8931 /* Release */,
			);
			defaultConfigurationIsVisible = 0;
			defaultConfigurationName = Release;
		};
		B60483911FC46EE700EF8931 /* Build configuration list for PBXNativeTarget "aPollo" */ = {
			isa = XCConfigurationList;
			buildConfigurations = (
				B60483921FC46EE700EF8931 /* Debug */,
				B60483931FC46EE700EF8931 /* Release */,
			);
			defaultConfigurationIsVisible = 0;
			defaultConfigurationName = Release;
		};
		B60483941FC46EE700EF8931 /* Build configuration list for PBXNativeTarget "aPolloTests" */ = {
			isa = XCConfigurationList;
			buildConfigurations = (
				B60483951FC46EE700EF8931 /* Debug */,
				B60483961FC46EE700EF8931 /* Release */,
			);
			defaultConfigurationIsVisible = 0;
			defaultConfigurationName = Release;
		};
		B60483971FC46EE700EF8931 /* Build configuration list for PBXNativeTarget "aPolloUITests" */ = {
			isa = XCConfigurationList;
			buildConfigurations = (
				B60483981FC46EE700EF8931 /* Debug */,
				B60483991FC46EE700EF8931 /* Release */,
			);
			defaultConfigurationIsVisible = 0;
			defaultConfigurationName = Release;
		};
/* End XCConfigurationList section */

/* Begin XCVersionGroup section */
		B60483701FC46EE700EF8931 /* aPollo.xcdatamodeld */ = {
			isa = XCVersionGroup;
			children = (
				B60483711FC46EE700EF8931 /* aPollo.xcdatamodel */,
			);
			currentVersion = B60483711FC46EE700EF8931 /* aPollo.xcdatamodel */;
			path = aPollo.xcdatamodeld;
			sourceTree = "<group>";
			versionGroupType = wrapper.xcdatamodel;
		};
/* End XCVersionGroup section */
	};
	rootObject = B604835E1FC46EE700EF8931 /* Project object */;
}
